
Microsoft Visual Studio Solution File, Format Version 12.00
# Visual Studio Version 17
VisualStudioVersion = 17.4.33205.214
MinimumVisualStudioVersion = 10.0.40219.1
Project("{FAE04EC0-301F-11D3-BF4B-00C04F79EFBC}") = "LawyerTasks", "LawyerTasks\LawyerTasks.csproj", "{C487E593-055A-49E2-B41D-5A45CBFC3D22}"
EndProject
Global
	GlobalSection(SolutionConfigurationPlatforms) = preSolution
		Debug|Any CPU = Debug|Any CPU
		Release|Any CPU = Release|Any CPU
	EndGlobalSection
	GlobalSection(ProjectConfigurationPlatforms) = postSolution
		{C487E593-055A-49E2-B41D-5A45CBFC3D22}.Debug|Any CPU.ActiveCfg = Debug|Any CPU
		{C487E593-055A-49E2-B41D-5A45CBFC3D22}.Debug|Any CPU.Build.0 = Debug|Any CPU
		{C487E593-055A-49E2-B41D-5A45CBFC3D22}.Release|Any CPU.ActiveCfg = Release|Any CPU
		{C487E593-055A-49E2-B41D-5A45CBFC3D22}.Release|Any CPU.Build.0 = Release|Any CPU
	EndGlobalSection
	GlobalSection(SolutionProperties) = preSolution
		HideSolutionNode = FALSE
	EndGlobalSection
	GlobalSection(ExtensibilityGlobals) = postSolution
		SolutionGuid = {9EE9C0DC-631D-4565-A465-768DC260837D}
	EndGlobalSection
EndGlobal
